{
  "name": "tic-tac-toe",
  "version": "1.0.0",
  "lockfileVersion": 1,
  "requires": true,
  "dependencies": {
    "es-module-shims": {
      "version": "0.5.2",
      "resolved": "https://registry.npmjs.org/es-module-shims/-/es-module-shims-0.5.2.tgz",
      "integrity": "sha512-cXSy7EPyZc6Iq4AjyWXMqMURXgFguduPN7nxtfI0WsV4C83wNHrdxf0oxhzDPZU/8zB6YFllR24HMG/EBVN/GQ=="
    },
    "preact": {
      "version": "10.4.7",
      "resolved": "https://registry.npmjs.org/preact/-/preact-10.4.7.tgz",
      "integrity": "sha512-DtnnPbOm7oxW7Sxf5Co+KSIOxo7bGm0vLfJN/wGey7G2sAGKnGP5+bFyE2YIgutMISQl6xFVTsOd6l/Au88VVw=="
    }
  }
}
